
Microsoft Visual Studio Solution File, Format Version 12.00
# Visual Studio Version 17
VisualStudioVersion = 17.7.34018.315
MinimumVisualStudioVersion = 10.0.40219.1
Project("{FAE04EC0-301F-11D3-BF4B-00C04F79EFBC}") = "file-manager", "file-manager\file-manager.csproj", "{1D708A52-D733-4DC2-B0DA-B5CC3DE81EF8}"
EndProject
Global
	GlobalSection(SolutionConfigurationPlatforms) = preSolution
		Debug|Any CPU = Debug|Any CPU
		Release|Any CPU = Release|Any CPU
	EndGlobalSection
	GlobalSection(ProjectConfigurationPlatforms) = postSolution
		{1D708A52-D733-4DC2-B0DA-B5CC3DE81EF8}.Debug|Any CPU.ActiveCfg = Debug|Any CPU
		{1D708A52-D733-4DC2-B0DA-B5CC3DE81EF8}.Debug|Any CPU.Build.0 = Debug|Any CPU
		{1D708A52-D733-4DC2-B0DA-B5CC3DE81EF8}.Release|Any CPU.ActiveCfg = Release|Any CPU
		{1D708A52-D733-4DC2-B0DA-B5CC3DE81EF8}.Release|Any CPU.Build.0 = Release|Any CPU
	EndGlobalSection
	GlobalSection(SolutionProperties) = preSolution
		HideSolutionNode = FALSE
	EndGlobalSection
	GlobalSection(ExtensibilityGlobals) = postSolution
		SolutionGuid = {5E87BA0F-52BE-4795-81DB-A79B574E5E66}
	EndGlobalSection
EndGlobal
