
Microsoft Visual Studio Solution File, Format Version 12.00
# Visual Studio Version 17
VisualStudioVersion = 17.7.34018.315
MinimumVisualStudioVersion = 10.0.40219.1
Project("{F184B08F-C81C-45F6-A57F-5ABD9991F28F}") = "Domaci-Karta", "Domaci-Karta\Domaci-Karta.vbproj", "{024F2936-8106-40F1-8F32-9459A0EED2AD}"
EndProject
Global
	GlobalSection(SolutionConfigurationPlatforms) = preSolution
		Debug|Any CPU = Debug|Any CPU
		Release|Any CPU = Release|Any CPU
	EndGlobalSection
	GlobalSection(ProjectConfigurationPlatforms) = postSolution
		{024F2936-8106-40F1-8F32-9459A0EED2AD}.Debug|Any CPU.ActiveCfg = Debug|Any CPU
		{024F2936-8106-40F1-8F32-9459A0EED2AD}.Debug|Any CPU.Build.0 = Debug|Any CPU
		{024F2936-8106-40F1-8F32-9459A0EED2AD}.Release|Any CPU.ActiveCfg = Release|Any CPU
		{024F2936-8106-40F1-8F32-9459A0EED2AD}.Release|Any CPU.Build.0 = Release|Any CPU
	EndGlobalSection
	GlobalSection(SolutionProperties) = preSolution
		HideSolutionNode = FALSE
	EndGlobalSection
	GlobalSection(ExtensibilityGlobals) = postSolution
		SolutionGuid = {AC7FED6C-C3D7-48FA-AA00-6F418CBCFD74}
	EndGlobalSection
EndGlobal
